// !$*UTF8*$!
{
	archiveVersion = 1;
	classes = {
	};
	objectVersion = 77;
	objects = {

/* Begin PBXBuildFile section */
		512563D32DD5A686009D1791 /* CalendarDateFormatter.swift in Sources */ = {isa = PBXBuildFile; fileRef = 512563D22DD5A67F009D1791 /* CalendarDateFormatter.swift */; };
		513A22B52DD51FDC00F28836 /* WeekCalendar.swift in Sources */ = {isa = PBXBuildFile; fileRef = 513A22B42DD51FD800F28836 /* WeekCalendar.swift */; };
		513A22B72DD5215F00F28836 /* CalendarDayLabel.swift in Sources */ = {isa = PBXBuildFile; fileRef = 513A22B62DD5215500F28836 /* CalendarDayLabel.swift */; };
		513A22BB2DD5222600F28836 /* WeekCollectionViewCell.swift in Sources */ = {isa = PBXBuildFile; fileRef = 513A22BA2DD5222600F28836 /* WeekCollectionViewCell.swift */; };
		5155B59A2DDDF6D2001E59FE /* BaseResponse.swift in Sources */ = {isa = PBXBuildFile; fileRef = 5155B5982DDDF6D0001E59FE /* BaseResponse.swift */; };
		5155B59E2DDDF7E8001E59FE /* BaseService.swift in Sources */ = {isa = PBXBuildFile; fileRef = 5155B59D2DDDF7E4001E59FE /* BaseService.swift */; };
		5155B5A02DDDF8DF001E59FE /* EndPoint.swift in Sources */ = {isa = PBXBuildFile; fileRef = 5155B59F2DDDF8DC001E59FE /* EndPoint.swift */; };
		5155B5A22DDDF959001E59FE /* HTTPMethodType.swift in Sources */ = {isa = PBXBuildFile; fileRef = 5155B5A12DDDF953001E59FE /* HTTPMethodType.swift */; };
		5155B5A52DDDFB39001E59FE /* NetworkError.swift in Sources */ = {isa = PBXBuildFile; fileRef = 5155B5A42DDDFB35001E59FE /* NetworkError.swift */; };
		5155B5A72DDDFC9D001E59FE /* NetworkLogger.swift in Sources */ = {isa = PBXBuildFile; fileRef = 5155B5A62DDDFC98001E59FE /* NetworkLogger.swift */; };
		5155B6212DDE0060001E59FE /* AppConfig.swift in Sources */ = {isa = PBXBuildFile; fileRef = 5155B6202DDE005C001E59FE /* AppConfig.swift */; };
		5155B6262DDE0422001E59FE /* DetailTasksResponse.swift in Sources */ = {isa = PBXBuildFile; fileRef = 5155B6252DDE040D001E59FE /* DetailTasksResponse.swift */; };
		5155B6282DDE06DA001E59FE /* DetailTasksService.swift in Sources */ = {isa = PBXBuildFile; fileRef = 5155B6272DDE06CF001E59FE /* DetailTasksService.swift */; };
		51580CA32DD517FC00B56E7B /* WeekBox.swift in Sources */ = {isa = PBXBuildFile; fileRef = 51580C9D2DD517FC00B56E7B /* WeekBox.swift */; };
		51580CA42DD517FC00B56E7B /* WeekBoxIconImage.swift in Sources */ = {isa = PBXBuildFile; fileRef = 51580C9E2DD517FC00B56E7B /* WeekBoxIconImage.swift */; };
		51580CA52DD517FC00B56E7B /* WeekBoxLabel.swift in Sources */ = {isa = PBXBuildFile; fileRef = 51580C9F2DD517FC00B56E7B /* WeekBoxLabel.swift */; };
		51580CA62DD517FC00B56E7B /* CalendarView.swift in Sources */ = {isa = PBXBuildFile; fileRef = 51580CA12DD517FC00B56E7B /* CalendarView.swift */; };
		51580CAB2DD5180100B56E7B /* FriendsListCollectionViewCell.swift in Sources */ = {isa = PBXBuildFile; fileRef = 51580CA72DD5180100B56E7B /* FriendsListCollectionViewCell.swift */; };
		51580CAC2DD5180100B56E7B /* FriendsListView.swift in Sources */ = {isa = PBXBuildFile; fileRef = 51580CA82DD5180100B56E7B /* FriendsListView.swift */; };
		51580CAD2DD5180100B56E7B /* ProfileView.swift in Sources */ = {isa = PBXBuildFile; fileRef = 51580CA92DD5180100B56E7B /* ProfileView.swift */; };
		51B777022DD0FBFE00A262CE /* UIFont+.swift in Sources */ = {isa = PBXBuildFile; fileRef = 51B777012DD0FBF700A262CE /* UIFont+.swift */; };
		D50E467E2DD646E600C6FB50 /* Routine.swift in Sources */ = {isa = PBXBuildFile; fileRef = D50E467D2DD646E500C6FB50 /* Routine.swift */; };
		D54548EA2DD6E3A600DBBE53 /* CustomDatePicker.swift in Sources */ = {isa = PBXBuildFile; fileRef = D54548E82DD6E3A600DBBE53 /* CustomDatePicker.swift */; };
		D54548ED2DD6E3D200DBBE53 /* Priority.swift in Sources */ = {isa = PBXBuildFile; fileRef = D54548EC2DD6E3CC00DBBE53 /* Priority.swift */; };
		D5F3FF842DD51C1700493195 /* ToolBar.swift in Sources */ = {isa = PBXBuildFile; fileRef = D5F3FF832DD51C1400493195 /* ToolBar.swift */; };
		E5191F252DCC9790006F43B6 /* AppDelegate.swift in Sources */ = {isa = PBXBuildFile; fileRef = E5191F1B2DCC9790006F43B6 /* AppDelegate.swift */; };
		E5191F262DCC9790006F43B6 /* SceneDelegate.swift in Sources */ = {isa = PBXBuildFile; fileRef = E5191F222DCC9790006F43B6 /* SceneDelegate.swift */; };
		E5191F272DCC9790006F43B6 /* HomeViewController.swift in Sources */ = {isa = PBXBuildFile; fileRef = E5191F232DCC9790006F43B6 /* HomeViewController.swift */; };
		E5191F282DCC9790006F43B6 /* Assets.xcassets in Resources */ = {isa = PBXBuildFile; fileRef = E5191F1C2DCC9790006F43B6 /* Assets.xcassets */; };
		E5191F2A2DCC9790006F43B6 /* LaunchScreen.storyboard in Resources */ = {isa = PBXBuildFile; fileRef = E5191F1F2DCC9790006F43B6 /* LaunchScreen.storyboard */; };
		E5191F382DCC9A09006F43B6 /* BaseUIViewController.swift in Sources */ = {isa = PBXBuildFile; fileRef = E5191F372DCC9A09006F43B6 /* BaseUIViewController.swift */; };
		E5191F3A2DCC9A1C006F43B6 /* BaseUIView.swift in Sources */ = {isa = PBXBuildFile; fileRef = E5191F392DCC9A1C006F43B6 /* BaseUIView.swift */; };
		E5191F3F2DCC9A5E006F43B6 /* UIView+.swift in Sources */ = {isa = PBXBuildFile; fileRef = E5191F3E2DCC9A5E006F43B6 /* UIView+.swift */; };
		E5191F5F2DCE5F21006F43B6 /* .swiftlint.yml in Resources */ = {isa = PBXBuildFile; fileRef = E5191F5E2DCE5F21006F43B6 /* .swiftlint.yml */; };
		E52CDF072DD3AAD600E22E00 /* HomeViewController_sooyoung.swift in Sources */ = {isa = PBXBuildFile; fileRef = E52CDF062DD3AAD600E22E00 /* HomeViewController_sooyoung.swift */; };
		E52CDF092DD3AAD800E22E00 /* HomeView_sooyoung.swift in Sources */ = {isa = PBXBuildFile; fileRef = E52CDF082DD3AAD800E22E00 /* HomeView_sooyoung.swift */; };
		E52CDF0B2DD3AB3700E22E00 /* HomeViewController_nayeon.swift in Sources */ = {isa = PBXBuildFile; fileRef = E52CDF0A2DD3AB3700E22E00 /* HomeViewController_nayeon.swift */; };
		E52CDF0D2DD3AB3900E22E00 /* HomeView_nayeon.swift in Sources */ = {isa = PBXBuildFile; fileRef = E52CDF0C2DD3AB3900E22E00 /* HomeView_nayeon.swift */; };
		E52CDF372DD46EFB00E22E00 /* CapsuleButton.swift in Sources */ = {isa = PBXBuildFile; fileRef = E52CDF362DD46EFB00E22E00 /* CapsuleButton.swift */; };
		E52CDF392DD4741A00E22E00 /* UIImage+.swift in Sources */ = {isa = PBXBuildFile; fileRef = E52CDF382DD4741A00E22E00 /* UIImage+.swift */; };
		E52CDF3C2DD4D52500E22E00 /* ToDoView.swift in Sources */ = {isa = PBXBuildFile; fileRef = E52CDF3B2DD4D52500E22E00 /* ToDoView.swift */; };
		E52CDF3E2DD4D76A00E22E00 /* UIViewController+.swift in Sources */ = {isa = PBXBuildFile; fileRef = E52CDF3D2DD4D76A00E22E00 /* UIViewController+.swift */; };
		E5524F022DDE29B100C396F4 /* AddTaskService.swift in Sources */ = {isa = PBXBuildFile; fileRef = E5524F012DDE29B100C396F4 /* AddTaskService.swift */; };
		E5524F042DDE2AC900C396F4 /* AddMainTaskDTO.swift in Sources */ = {isa = PBXBuildFile; fileRef = E5524F032DDE2AC900C396F4 /* AddMainTaskDTO.swift */; };
		E5524F062DDE2DA500C396F4 /* Config.xcconfig in Resources */ = {isa = PBXBuildFile; fileRef = E5524F052DDE2DA500C396F4 /* Config.xcconfig */; };
		E5524F082DDE372800C396F4 /* AddSubTaskDTO.swift in Sources */ = {isa = PBXBuildFile; fileRef = E5524F072DDE372800C396F4 /* AddSubTaskDTO.swift */; };
		E5524F1D2DDE418900C396F4 /* HomeModel.swift in Sources */ = {isa = PBXBuildFile; fileRef = E5524F1C2DDE418900C396F4 /* HomeModel.swift */; };
		E554C98D2DD125CD002CF37B /* TabBarViewController.swift in Sources */ = {isa = PBXBuildFile; fileRef = E554C98C2DD125CD002CF37B /* TabBarViewController.swift */; };
		E567AB6A2DD20CEA00FA92E2 /* CustomNavigationBar.swift in Sources */ = {isa = PBXBuildFile; fileRef = E567AB692DD20CEA00FA92E2 /* CustomNavigationBar.swift */; };
		E567AB6D2DD20D0100FA92E2 /* Then in Frameworks */ = {isa = PBXBuildFile; productRef = E567AB6C2DD20D0100FA92E2 /* Then */; };
		E567AB702DD20D1C00FA92E2 /* SnapKit in Frameworks */ = {isa = PBXBuildFile; productRef = E567AB6F2DD20D1C00FA92E2 /* SnapKit */; };
		E567AB752DD2119000FA92E2 /* HomeView.swift in Sources */ = {isa = PBXBuildFile; fileRef = E567AB742DD2119000FA92E2 /* HomeView.swift */; };
		E5EF8D9B2DD4F62600CF5BB2 /* ToDoListView.swift in Sources */ = {isa = PBXBuildFile; fileRef = E5EF8D9A2DD4F62600CF5BB2 /* ToDoListView.swift */; };
		E5EF8DA22DD5343F00CF5BB2 /* ToDoModel.swift in Sources */ = {isa = PBXBuildFile; fileRef = E5EF8DA12DD5343F00CF5BB2 /* ToDoModel.swift */; };
/* End PBXBuildFile section */

/* Begin PBXFileReference section */
		512563D22DD5A67F009D1791 /* CalendarDateFormatter.swift */ = {isa = PBXFileReference; lastKnownFileType = sourcecode.swift; path = CalendarDateFormatter.swift; sourceTree = "<group>"; };
		513A22B42DD51FD800F28836 /* WeekCalendar.swift */ = {isa = PBXFileReference; lastKnownFileType = sourcecode.swift; path = WeekCalendar.swift; sourceTree = "<group>"; };
		513A22B62DD5215500F28836 /* CalendarDayLabel.swift */ = {isa = PBXFileReference; lastKnownFileType = sourcecode.swift; path = CalendarDayLabel.swift; sourceTree = "<group>"; };
		513A22BA2DD5222600F28836 /* WeekCollectionViewCell.swift */ = {isa = PBXFileReference; lastKnownFileType = sourcecode.swift; path = WeekCollectionViewCell.swift; sourceTree = "<group>"; };
		5155B5982DDDF6D0001E59FE /* BaseResponse.swift */ = {isa = PBXFileReference; lastKnownFileType = sourcecode.swift; path = BaseResponse.swift; sourceTree = "<group>"; };
		5155B59D2DDDF7E4001E59FE /* BaseService.swift */ = {isa = PBXFileReference; lastKnownFileType = sourcecode.swift; path = BaseService.swift; sourceTree = "<group>"; };
		5155B59F2DDDF8DC001E59FE /* EndPoint.swift */ = {isa = PBXFileReference; lastKnownFileType = sourcecode.swift; path = EndPoint.swift; sourceTree = "<group>"; };
		5155B5A12DDDF953001E59FE /* HTTPMethodType.swift */ = {isa = PBXFileReference; lastKnownFileType = sourcecode.swift; path = HTTPMethodType.swift; sourceTree = "<group>"; };
		5155B5A42DDDFB35001E59FE /* NetworkError.swift */ = {isa = PBXFileReference; lastKnownFileType = sourcecode.swift; path = NetworkError.swift; sourceTree = "<group>"; };
		5155B5A62DDDFC98001E59FE /* NetworkLogger.swift */ = {isa = PBXFileReference; lastKnownFileType = sourcecode.swift; path = NetworkLogger.swift; sourceTree = "<group>"; };
		5155B6202DDE005C001E59FE /* AppConfig.swift */ = {isa = PBXFileReference; lastKnownFileType = sourcecode.swift; path = AppConfig.swift; sourceTree = "<group>"; };
		5155B6252DDE040D001E59FE /* DetailTasksResponse.swift */ = {isa = PBXFileReference; lastKnownFileType = sourcecode.swift; path = DetailTasksResponse.swift; sourceTree = "<group>"; };
		5155B6272DDE06CF001E59FE /* DetailTasksService.swift */ = {isa = PBXFileReference; lastKnownFileType = sourcecode.swift; path = DetailTasksService.swift; sourceTree = "<group>"; };
		51580C9D2DD517FC00B56E7B /* WeekBox.swift */ = {isa = PBXFileReference; lastKnownFileType = sourcecode.swift; path = WeekBox.swift; sourceTree = "<group>"; };
		51580C9E2DD517FC00B56E7B /* WeekBoxIconImage.swift */ = {isa = PBXFileReference; lastKnownFileType = sourcecode.swift; path = WeekBoxIconImage.swift; sourceTree = "<group>"; };
		51580C9F2DD517FC00B56E7B /* WeekBoxLabel.swift */ = {isa = PBXFileReference; lastKnownFileType = sourcecode.swift; path = WeekBoxLabel.swift; sourceTree = "<group>"; };
		51580CA12DD517FC00B56E7B /* CalendarView.swift */ = {isa = PBXFileReference; lastKnownFileType = sourcecode.swift; path = CalendarView.swift; sourceTree = "<group>"; };
		51580CA72DD5180100B56E7B /* FriendsListCollectionViewCell.swift */ = {isa = PBXFileReference; lastKnownFileType = sourcecode.swift; path = FriendsListCollectionViewCell.swift; sourceTree = "<group>"; };
		51580CA82DD5180100B56E7B /* FriendsListView.swift */ = {isa = PBXFileReference; lastKnownFileType = sourcecode.swift; path = FriendsListView.swift; sourceTree = "<group>"; };
		51580CA92DD5180100B56E7B /* ProfileView.swift */ = {isa = PBXFileReference; lastKnownFileType = sourcecode.swift; path = ProfileView.swift; sourceTree = "<group>"; };
		51B777012DD0FBF700A262CE /* UIFont+.swift */ = {isa = PBXFileReference; lastKnownFileType = sourcecode.swift; path = "UIFont+.swift"; sourceTree = "<group>"; };
		D50E467D2DD646E500C6FB50 /* Routine.swift */ = {isa = PBXFileReference; lastKnownFileType = sourcecode.swift; path = Routine.swift; sourceTree = "<group>"; };
		D54548E82DD6E3A600DBBE53 /* CustomDatePicker.swift */ = {isa = PBXFileReference; lastKnownFileType = sourcecode.swift; path = CustomDatePicker.swift; sourceTree = "<group>"; };
		D54548EC2DD6E3CC00DBBE53 /* Priority.swift */ = {isa = PBXFileReference; lastKnownFileType = sourcecode.swift; path = Priority.swift; sourceTree = "<group>"; };
		D5F3FF832DD51C1400493195 /* ToolBar.swift */ = {isa = PBXFileReference; lastKnownFileType = sourcecode.swift; path = ToolBar.swift; sourceTree = "<group>"; };
		E5191F032DCC975B006F43B6 /* TODOMate.app */ = {isa = PBXFileReference; explicitFileType = wrapper.application; includeInIndex = 0; path = TODOMate.app; sourceTree = BUILT_PRODUCTS_DIR; };
		E5191F1B2DCC9790006F43B6 /* AppDelegate.swift */ = {isa = PBXFileReference; lastKnownFileType = sourcecode.swift; path = AppDelegate.swift; sourceTree = "<group>"; };
		E5191F1C2DCC9790006F43B6 /* Assets.xcassets */ = {isa = PBXFileReference; lastKnownFileType = folder.assetcatalog; path = Assets.xcassets; sourceTree = "<group>"; };
		E5191F1D2DCC9790006F43B6 /* Info.plist */ = {isa = PBXFileReference; lastKnownFileType = text.plist.xml; path = Info.plist; sourceTree = "<group>"; };
		E5191F1E2DCC9790006F43B6 /* Base */ = {isa = PBXFileReference; lastKnownFileType = file.storyboard; name = Base; path = Base.lproj/LaunchScreen.storyboard; sourceTree = "<group>"; };
		E5191F222DCC9790006F43B6 /* SceneDelegate.swift */ = {isa = PBXFileReference; lastKnownFileType = sourcecode.swift; path = SceneDelegate.swift; sourceTree = "<group>"; };
		E5191F232DCC9790006F43B6 /* HomeViewController.swift */ = {isa = PBXFileReference; lastKnownFileType = sourcecode.swift; path = HomeViewController.swift; sourceTree = "<group>"; };
		E5191F372DCC9A09006F43B6 /* BaseUIViewController.swift */ = {isa = PBXFileReference; lastKnownFileType = sourcecode.swift; path = BaseUIViewController.swift; sourceTree = "<group>"; };
		E5191F392DCC9A1C006F43B6 /* BaseUIView.swift */ = {isa = PBXFileReference; lastKnownFileType = sourcecode.swift; path = BaseUIView.swift; sourceTree = "<group>"; };
		E5191F3E2DCC9A5E006F43B6 /* UIView+.swift */ = {isa = PBXFileReference; lastKnownFileType = sourcecode.swift; path = "UIView+.swift"; sourceTree = "<group>"; };
		E5191F5E2DCE5F21006F43B6 /* .swiftlint.yml */ = {isa = PBXFileReference; lastKnownFileType = text.yaml; path = .swiftlint.yml; sourceTree = "<group>"; };
		E52CDF062DD3AAD600E22E00 /* HomeViewController_sooyoung.swift */ = {isa = PBXFileReference; lastKnownFileType = sourcecode.swift; path = HomeViewController_sooyoung.swift; sourceTree = "<group>"; };
		E52CDF082DD3AAD800E22E00 /* HomeView_sooyoung.swift */ = {isa = PBXFileReference; lastKnownFileType = sourcecode.swift; path = HomeView_sooyoung.swift; sourceTree = "<group>"; };
		E52CDF0A2DD3AB3700E22E00 /* HomeViewController_nayeon.swift */ = {isa = PBXFileReference; lastKnownFileType = sourcecode.swift; path = HomeViewController_nayeon.swift; sourceTree = "<group>"; };
		E52CDF0C2DD3AB3900E22E00 /* HomeView_nayeon.swift */ = {isa = PBXFileReference; lastKnownFileType = sourcecode.swift; path = HomeView_nayeon.swift; sourceTree = "<group>"; };
		E52CDF362DD46EFB00E22E00 /* CapsuleButton.swift */ = {isa = PBXFileReference; lastKnownFileType = sourcecode.swift; path = CapsuleButton.swift; sourceTree = "<group>"; };
		E52CDF382DD4741A00E22E00 /* UIImage+.swift */ = {isa = PBXFileReference; lastKnownFileType = sourcecode.swift; path = "UIImage+.swift"; sourceTree = "<group>"; };
		E52CDF3B2DD4D52500E22E00 /* ToDoView.swift */ = {isa = PBXFileReference; lastKnownFileType = sourcecode.swift; path = ToDoView.swift; sourceTree = "<group>"; };
		E52CDF3D2DD4D76A00E22E00 /* UIViewController+.swift */ = {isa = PBXFileReference; lastKnownFileType = sourcecode.swift; path = "UIViewController+.swift"; sourceTree = "<group>"; };
		E5524F012DDE29B100C396F4 /* AddTaskService.swift */ = {isa = PBXFileReference; lastKnownFileType = sourcecode.swift; path = AddTaskService.swift; sourceTree = "<group>"; };
		E5524F032DDE2AC900C396F4 /* AddMainTaskDTO.swift */ = {isa = PBXFileReference; lastKnownFileType = sourcecode.swift; path = AddMainTaskDTO.swift; sourceTree = "<group>"; };
		E5524F052DDE2DA500C396F4 /* Config.xcconfig */ = {isa = PBXFileReference; lastKnownFileType = text.xcconfig; path = Config.xcconfig; sourceTree = "<group>"; };
		E5524F072DDE372800C396F4 /* AddSubTaskDTO.swift */ = {isa = PBXFileReference; lastKnownFileType = sourcecode.swift; path = AddSubTaskDTO.swift; sourceTree = "<group>"; };
		E5524F1C2DDE418900C396F4 /* HomeModel.swift */ = {isa = PBXFileReference; lastKnownFileType = sourcecode.swift; path = HomeModel.swift; sourceTree = "<group>"; };
		E554C98C2DD125CD002CF37B /* TabBarViewController.swift */ = {isa = PBXFileReference; lastKnownFileType = sourcecode.swift; path = TabBarViewController.swift; sourceTree = "<group>"; };
		E567AB692DD20CEA00FA92E2 /* CustomNavigationBar.swift */ = {isa = PBXFileReference; lastKnownFileType = sourcecode.swift; path = CustomNavigationBar.swift; sourceTree = "<group>"; };
		E567AB742DD2119000FA92E2 /* HomeView.swift */ = {isa = PBXFileReference; lastKnownFileType = sourcecode.swift; path = HomeView.swift; sourceTree = "<group>"; };
		E5EF8D9A2DD4F62600CF5BB2 /* ToDoListView.swift */ = {isa = PBXFileReference; lastKnownFileType = sourcecode.swift; path = ToDoListView.swift; sourceTree = "<group>"; };
		E5EF8DA12DD5343F00CF5BB2 /* ToDoModel.swift */ = {isa = PBXFileReference; lastKnownFileType = sourcecode.swift; path = ToDoModel.swift; sourceTree = "<group>"; };
/* End PBXFileReference section */

/* Begin PBXFileSystemSynchronizedRootGroup section */
		51580C252DD4B5E300B56E7B /* Header */ = {
			isa = PBXFileSystemSynchronizedRootGroup;
			path = Header;
			sourceTree = "<group>";
		};
		51B7767A2DD0FA7700A262CE /* Font */ = {
			isa = PBXFileSystemSynchronizedRootGroup;
			path = Font;
			sourceTree = "<group>";
		};
/* End PBXFileSystemSynchronizedRootGroup section */

/* Begin PBXFrameworksBuildPhase section */
		E5191F002DCC975B006F43B6 /* Frameworks */ = {
			isa = PBXFrameworksBuildPhase;
			buildActionMask = 2147483647;
			files = (
				E567AB6D2DD20D0100FA92E2 /* Then in Frameworks */,
				E567AB702DD20D1C00FA92E2 /* SnapKit in Frameworks */,
			);
			runOnlyForDeploymentPostprocessing = 0;
		};
/* End PBXFrameworksBuildPhase section */

/* Begin PBXGroup section */
		513A22B32DD51FAF00F28836 /* WeekCalendar */ = {
			isa = PBXGroup;
			children = (
				512563D22DD5A67F009D1791 /* CalendarDateFormatter.swift */,
				513A22B62DD5215500F28836 /* CalendarDayLabel.swift */,
				513A22B42DD51FD800F28836 /* WeekCalendar.swift */,
				513A22BA2DD5222600F28836 /* WeekCollectionViewCell.swift */,
			);
			path = WeekCalendar;
			sourceTree = "<group>";
		};
		5155B59C2DDDF7A1001E59FE /* Network */ = {
			isa = PBXGroup;
			children = (
				5155B6242DDE0360001E59FE /* Service */,
				5155B6232DDE035E001E59FE /* Model */,
				5155B5A62DDDFC98001E59FE /* NetworkLogger.swift */,
				5155B5A42DDDFB35001E59FE /* NetworkError.swift */,
				5155B5A12DDDF953001E59FE /* HTTPMethodType.swift */,
				5155B59F2DDDF8DC001E59FE /* EndPoint.swift */,
				5155B59D2DDDF7E4001E59FE /* BaseService.swift */,
				5155B5982DDDF6D0001E59FE /* BaseResponse.swift */,
			);
			path = Network;
			sourceTree = "<group>";
		};
		5155B6232DDE035E001E59FE /* Model */ = {
			isa = PBXGroup;
			children = (
				5155B6252DDE040D001E59FE /* DetailTasksResponse.swift */,
				E5524F032DDE2AC900C396F4 /* AddMainTaskDTO.swift */,
				E5524F072DDE372800C396F4 /* AddSubTaskDTO.swift */,
			);
			path = Model;
			sourceTree = "<group>";
		};
		5155B6242DDE0360001E59FE /* Service */ = {
			isa = PBXGroup;
			children = (
				5155B6272DDE06CF001E59FE /* DetailTasksService.swift */,
				E5524F012DDE29B100C396F4 /* AddTaskService.swift */,
			);
			path = Service;
			sourceTree = "<group>";
		};
		51580CA02DD517FC00B56E7B /* WeekBox */ = {
			isa = PBXGroup;
			children = (
				51580C9D2DD517FC00B56E7B /* WeekBox.swift */,
				51580C9E2DD517FC00B56E7B /* WeekBoxIconImage.swift */,
				51580C9F2DD517FC00B56E7B /* WeekBoxLabel.swift */,
			);
			path = WeekBox;
			sourceTree = "<group>";
		};
		51580CA22DD517FC00B56E7B /* Calender */ = {
			isa = PBXGroup;
			children = (
				513A22B32DD51FAF00F28836 /* WeekCalendar */,
				51580CA02DD517FC00B56E7B /* WeekBox */,
				51580CA12DD517FC00B56E7B /* CalendarView.swift */,
			);
			path = Calender;
			sourceTree = "<group>";
		};
		51580CAA2DD5180100B56E7B /* Header */ = {
			isa = PBXGroup;
			children = (
				51580CA72DD5180100B56E7B /* FriendsListCollectionViewCell.swift */,
				51580CA82DD5180100B56E7B /* FriendsListView.swift */,
				51580CA92DD5180100B56E7B /* ProfileView.swift */,
			);
			path = Header;
			sourceTree = "<group>";
		};
		D50E467C2DD646DD00C6FB50 /* Routine */ = {
			isa = PBXGroup;
			children = (
				D50E467D2DD646E500C6FB50 /* Routine.swift */,
			);
			path = Routine;
			sourceTree = "<group>";
		};
		D54548612DD6489E00DBBE53 /* Recovered References */ = {
			isa = PBXGroup;
			children = (
				51580C252DD4B5E300B56E7B /* Header */,
			);
			name = "Recovered References";
			sourceTree = "<group>";
		};
		D54548E92DD6E3A600DBBE53 /* CustomDatePicker */ = {
			isa = PBXGroup;
			children = (
				D54548E82DD6E3A600DBBE53 /* CustomDatePicker.swift */,
			);
			path = CustomDatePicker;
			sourceTree = "<group>";
		};
		D54548EB2DD6E3B500DBBE53 /* Priority */ = {
			isa = PBXGroup;
			children = (
				D54548EC2DD6E3CC00DBBE53 /* Priority.swift */,
			);
			path = Priority;
			sourceTree = "<group>";
		};
		D5F3FF822DD51BDE00493195 /* ToolBar */ = {
			isa = PBXGroup;
			children = (
				D5F3FF832DD51C1400493195 /* ToolBar.swift */,
			);
			path = ToolBar;
			sourceTree = "<group>";
		};
		E5191EFA2DCC975B006F43B6 = {
			isa = PBXGroup;
			children = (
				E5191F242DCC9790006F43B6 /* TODOMate */,
				E5191F5E2DCE5F21006F43B6 /* .swiftlint.yml */,
				E5191F042DCC975B006F43B6 /* Products */,
				D54548612DD6489E00DBBE53 /* Recovered References */,
			);
			sourceTree = "<group>";
		};
		E5191F042DCC975B006F43B6 /* Products */ = {
			isa = PBXGroup;
			children = (
				E5191F032DCC975B006F43B6 /* TODOMate.app */,
			);
			name = Products;
			sourceTree = "<group>";
		};
		E5191F242DCC9790006F43B6 /* TODOMate */ = {
			isa = PBXGroup;
			children = (
				E5191F302DCC994B006F43B6 /* App */,
				E5191F2F2DCC9946006F43B6 /* Features */,
				E5191F352DCC99D7006F43B6 /* Global */,
				E5191F2E2DCC9940006F43B6 /* Resources */,
				5155B59C2DDDF7A1001E59FE /* Network */,
				E5191F1D2DCC9790006F43B6 /* Info.plist */,
			);
			path = TODOMate;
			sourceTree = "<group>";
		};
		E5191F2E2DCC9940006F43B6 /* Resources */ = {
			isa = PBXGroup;
			children = (
				51B7767A2DD0FA7700A262CE /* Font */,
				E5191F1C2DCC9790006F43B6 /* Assets.xcassets */,
			);
			path = Resources;
			sourceTree = "<group>";
		};
		E5191F2F2DCC9946006F43B6 /* Features */ = {
			isa = PBXGroup;
			children = (
				E567AB712DD2117200FA92E2 /* Home */,
			);
			path = Features;
			sourceTree = "<group>";
		};
		E5191F302DCC994B006F43B6 /* App */ = {
			isa = PBXGroup;
			children = (
				5155B6202DDE005C001E59FE /* AppConfig.swift */,
				E5191F1B2DCC9790006F43B6 /* AppDelegate.swift */,
				E5191F1F2DCC9790006F43B6 /* LaunchScreen.storyboard */,
				E5191F222DCC9790006F43B6 /* SceneDelegate.swift */,
				E5524F052DDE2DA500C396F4 /* Config.xcconfig */,
			);
			path = App;
			sourceTree = "<group>";
		};
		E5191F352DCC99D7006F43B6 /* Global */ = {
			isa = PBXGroup;
			children = (
				E567AB682DD20CCB00FA92E2 /* Components */,
				E5191F3B2DCC9A39006F43B6 /* Extensions */,
				E5191F362DCC99FB006F43B6 /* Base */,
			);
			path = Global;
			sourceTree = "<group>";
		};
		E5191F362DCC99FB006F43B6 /* Base */ = {
			isa = PBXGroup;
			children = (
				E5191F372DCC9A09006F43B6 /* BaseUIViewController.swift */,
				E5191F392DCC9A1C006F43B6 /* BaseUIView.swift */,
			);
			path = Base;
			sourceTree = "<group>";
		};
		E5191F3B2DCC9A39006F43B6 /* Extensions */ = {
			isa = PBXGroup;
			children = (
				51B777012DD0FBF700A262CE /* UIFont+.swift */,
				E5191F3E2DCC9A5E006F43B6 /* UIView+.swift */,
				E52CDF382DD4741A00E22E00 /* UIImage+.swift */,
				E52CDF3D2DD4D76A00E22E00 /* UIViewController+.swift */,
			);
			path = Extensions;
			sourceTree = "<group>";
		};
		E52CDF002DD3AA6600E22E00 /* Nayeon */ = {
			isa = PBXGroup;
			children = (
				E52CDF0A2DD3AB3700E22E00 /* HomeViewController_nayeon.swift */,
				E52CDF0C2DD3AB3900E22E00 /* HomeView_nayeon.swift */,
			);
			path = Nayeon;
			sourceTree = "<group>";
		};
		E52CDF012DD3AA6D00E22E00 /* Sooyoung */ = {
			isa = PBXGroup;
			children = (
				E52CDF062DD3AAD600E22E00 /* HomeViewController_sooyoung.swift */,
				E52CDF082DD3AAD800E22E00 /* HomeView_sooyoung.swift */,
			);
			path = Sooyoung;
			sourceTree = "<group>";
		};
		E52CDF322DD469D500E22E00 /* Button */ = {
			isa = PBXGroup;
			children = (
				E52CDF362DD46EFB00E22E00 /* CapsuleButton.swift */,
			);
			path = Button;
			sourceTree = "<group>";
		};
		E52CDF3A2DD4D50900E22E00 /* ToDoView */ = {
			isa = PBXGroup;
			children = (
				E52CDF3B2DD4D52500E22E00 /* ToDoView.swift */,
			);
			path = ToDoView;
			sourceTree = "<group>";
		};
		E5524F1B2DDE416900C396F4 /* HomeModel */ = {
			isa = PBXGroup;
			children = (
				E5524F1C2DDE418900C396F4 /* HomeModel.swift */,
			);
			path = HomeModel;
			sourceTree = "<group>";
		};
		E554C98B2DD125A9002CF37B /* TabBar */ = {
			isa = PBXGroup;
			children = (
				E554C98C2DD125CD002CF37B /* TabBarViewController.swift */,
			);
			path = TabBar;
			sourceTree = "<group>";
		};
		E567AB682DD20CCB00FA92E2 /* Components */ = {
			isa = PBXGroup;
			children = (
				D54548EB2DD6E3B500DBBE53 /* Priority */,
				D50E467C2DD646DD00C6FB50 /* Routine */,
				D5F3FF822DD51BDE00493195 /* ToolBar */,
				E5EF8D992DD4F60C00CF5BB2 /* ToDoListView */,
				E52CDF322DD469D500E22E00 /* Button */,
				D54548E92DD6E3A600DBBE53 /* CustomDatePicker */,
				51580CA22DD517FC00B56E7B /* Calender */,
				51580CAA2DD5180100B56E7B /* Header */,
				E567AB762DD2119D00FA92E2 /* CustomNavigationBar */,
				E554C98B2DD125A9002CF37B /* TabBar */,
			);
			path = Components;
			sourceTree = "<group>";
		};
		E567AB712DD2117200FA92E2 /* Home */ = {
			isa = PBXGroup;
			children = (
				E52CDF002DD3AA6600E22E00 /* Nayeon */,
				E52CDF012DD3AA6D00E22E00 /* Sooyoung */,
				E5524F1B2DDE416900C396F4 /* HomeModel */,
				E567AB722DD2117900FA92E2 /* HomeViewController */,
				E567AB732DD2118700FA92E2 /* HomeView */,
			);
			path = Home;
			sourceTree = "<group>";
		};
		E567AB722DD2117900FA92E2 /* HomeViewController */ = {
			isa = PBXGroup;
			children = (
				E5191F232DCC9790006F43B6 /* HomeViewController.swift */,
			);
			path = HomeViewController;
			sourceTree = "<group>";
		};
		E567AB732DD2118700FA92E2 /* HomeView */ = {
			isa = PBXGroup;
			children = (
				E567AB742DD2119000FA92E2 /* HomeView.swift */,
			);
			path = HomeView;
			sourceTree = "<group>";
		};
		E567AB762DD2119D00FA92E2 /* CustomNavigationBar */ = {
			isa = PBXGroup;
			children = (
				E567AB692DD20CEA00FA92E2 /* CustomNavigationBar.swift */,
			);
			path = CustomNavigationBar;
			sourceTree = "<group>";
		};
		E5EF8D992DD4F60C00CF5BB2 /* ToDoListView */ = {
			isa = PBXGroup;
			children = (
				E5EF8D9A2DD4F62600CF5BB2 /* ToDoListView.swift */,
				E5EF8DA02DD5342D00CF5BB2 /* ToDoModel */,
				E52CDF3A2DD4D50900E22E00 /* ToDoView */,
			);
			path = ToDoListView;
			sourceTree = "<group>";
		};
		E5EF8DA02DD5342D00CF5BB2 /* ToDoModel */ = {
			isa = PBXGroup;
			children = (
				E5EF8DA12DD5343F00CF5BB2 /* ToDoModel.swift */,
			);
			path = ToDoModel;
			sourceTree = "<group>";
		};
/* End PBXGroup section */

/* Begin PBXNativeTarget section */
		E5191F022DCC975B006F43B6 /* TODOMate */ = {
			isa = PBXNativeTarget;
			buildConfigurationList = E5191F162DCC975E006F43B6 /* Build configuration list for PBXNativeTarget "TODOMate" */;
			buildPhases = (
				E5191EFF2DCC975B006F43B6 /* Sources */,
				E5191F002DCC975B006F43B6 /* Frameworks */,
				E5191F012DCC975B006F43B6 /* Resources */,
				51647CAA2DCE2A82008F1B55 /* SwiftLint Script */,
			);
			buildRules = (
			);
			dependencies = (
			);
			fileSystemSynchronizedGroups = (
				51580C252DD4B5E300B56E7B /* Header */,
				51B7767A2DD0FA7700A262CE /* Font */,
			);
			name = TODOMate;
			packageProductDependencies = (
				E567AB6C2DD20D0100FA92E2 /* Then */,
				E567AB6F2DD20D1C00FA92E2 /* SnapKit */,
			);
			productName = TODOMate;
			productReference = E5191F032DCC975B006F43B6 /* TODOMate.app */;
			productType = "com.apple.product-type.application";
		};
/* End PBXNativeTarget section */

/* Begin PBXProject section */
		E5191EFB2DCC975B006F43B6 /* Project object */ = {
			isa = PBXProject;
			attributes = {
				BuildIndependentTargetsInParallel = 1;
				LastSwiftUpdateCheck = 1630;
				LastUpgradeCheck = 1630;
				TargetAttributes = {
					E5191F022DCC975B006F43B6 = {
						CreatedOnToolsVersion = 16.3;
					};
				};
			};
			buildConfigurationList = E5191EFE2DCC975B006F43B6 /* Build configuration list for PBXProject "TODOMate" */;
			developmentRegion = en;
			hasScannedForEncodings = 0;
			knownRegions = (
				en,
				Base,
			);
			mainGroup = E5191EFA2DCC975B006F43B6;
			minimizedProjectReferenceProxies = 1;
			packageReferences = (
				E567AB6B2DD20D0100FA92E2 /* XCRemoteSwiftPackageReference "Then" */,
				E567AB6E2DD20D1C00FA92E2 /* XCRemoteSwiftPackageReference "SnapKit" */,
			);
			preferredProjectObjectVersion = 77;
			productRefGroup = E5191F042DCC975B006F43B6 /* Products */;
			projectDirPath = "";
			projectRoot = "";
			targets = (
				E5191F022DCC975B006F43B6 /* TODOMate */,
			);
		};
/* End PBXProject section */

/* Begin PBXResourcesBuildPhase section */
		E5191F012DCC975B006F43B6 /* Resources */ = {
			isa = PBXResourcesBuildPhase;
			buildActionMask = 2147483647;
			files = (
				E5524F062DDE2DA500C396F4 /* Config.xcconfig in Resources */,
				E5191F5F2DCE5F21006F43B6 /* .swiftlint.yml in Resources */,
				E5191F282DCC9790006F43B6 /* Assets.xcassets in Resources */,
				E5191F2A2DCC9790006F43B6 /* LaunchScreen.storyboard in Resources */,
			);
			runOnlyForDeploymentPostprocessing = 0;
		};
/* End PBXResourcesBuildPhase section */

/* Begin PBXShellScriptBuildPhase section */
		51647CAA2DCE2A82008F1B55 /* SwiftLint Script */ = {
			isa = PBXShellScriptBuildPhase;
			alwaysOutOfDate = 1;
			buildActionMask = 2147483647;
			files = (
			);
			inputFileListPaths = (
			);
			inputPaths = (
			);
			name = "SwiftLint Script";
			outputFileListPaths = (
			);
			outputPaths = (
			);
			runOnlyForDeploymentPostprocessing = 0;
			shellPath = /bin/sh;
			shellScript = "# Type a script or drag a script file from your workspace to insert its path.\nif [[ \"$(uname -m)\" == arm64 ]]; then\n    export PATH=\"/opt/homebrew/bin:$PATH\"\nfi\n \nif which swiftlint > /dev/null; then\n  swiftlint\nelse\n  echo \"warning: SwiftLint not installed, download from https://github.com/realm/SwiftLint\"\nfi\n";
		};
/* End PBXShellScriptBuildPhase section */

/* Begin PBXSourcesBuildPhase section */
		E5191EFF2DCC975B006F43B6 /* Sources */ = {
			isa = PBXSourcesBuildPhase;
			buildActionMask = 2147483647;
			files = (
				512563D32DD5A686009D1791 /* CalendarDateFormatter.swift in Sources */,
				E567AB752DD2119000FA92E2 /* HomeView.swift in Sources */,
				E5524F082DDE372800C396F4 /* AddSubTaskDTO.swift in Sources */,
				E5191F3F2DCC9A5E006F43B6 /* UIView+.swift in Sources */,
				5155B6212DDE0060001E59FE /* AppConfig.swift in Sources */,
				5155B5A22DDDF959001E59FE /* HTTPMethodType.swift in Sources */,
				E5EF8D9B2DD4F62600CF5BB2 /* ToDoListView.swift in Sources */,
				E5191F3A2DCC9A1C006F43B6 /* BaseUIView.swift in Sources */,
				E5191F252DCC9790006F43B6 /* AppDelegate.swift in Sources */,
				51B777022DD0FBFE00A262CE /* UIFont+.swift in Sources */,
				D5F3FF842DD51C1700493195 /* ToolBar.swift in Sources */,
				5155B5A52DDDFB39001E59FE /* NetworkError.swift in Sources */,
				E52CDF392DD4741A00E22E00 /* UIImage+.swift in Sources */,
				51580CA32DD517FC00B56E7B /* WeekBox.swift in Sources */,
				5155B6282DDE06DA001E59FE /* DetailTasksService.swift in Sources */,
				5155B5A72DDDFC9D001E59FE /* NetworkLogger.swift in Sources */,
				51580CA42DD517FC00B56E7B /* WeekBoxIconImage.swift in Sources */,
				513A22BB2DD5222600F28836 /* WeekCollectionViewCell.swift in Sources */,
				51580CA52DD517FC00B56E7B /* WeekBoxLabel.swift in Sources */,
				51580CA62DD517FC00B56E7B /* CalendarView.swift in Sources */,
				E5524F1D2DDE418900C396F4 /* HomeModel.swift in Sources */,
				5155B6262DDE0422001E59FE /* DetailTasksResponse.swift in Sources */,
				5155B59E2DDDF7E8001E59FE /* BaseService.swift in Sources */,
				D54548ED2DD6E3D200DBBE53 /* Priority.swift in Sources */,
				E52CDF0B2DD3AB3700E22E00 /* HomeViewController_nayeon.swift in Sources */,
				D50E467E2DD646E600C6FB50 /* Routine.swift in Sources */,
				E52CDF0D2DD3AB3900E22E00 /* HomeView_nayeon.swift in Sources */,
				E52CDF372DD46EFB00E22E00 /* CapsuleButton.swift in Sources */,
				E5191F382DCC9A09006F43B6 /* BaseUIViewController.swift in Sources */,
				513A22B52DD51FDC00F28836 /* WeekCalendar.swift in Sources */,
				51580CAB2DD5180100B56E7B /* FriendsListCollectionViewCell.swift in Sources */,
				51580CAC2DD5180100B56E7B /* FriendsListView.swift in Sources */,
				51580CAD2DD5180100B56E7B /* ProfileView.swift in Sources */,
				513A22B72DD5215F00F28836 /* CalendarDayLabel.swift in Sources */,
				D54548EA2DD6E3A600DBBE53 /* CustomDatePicker.swift in Sources */,
				E567AB6A2DD20CEA00FA92E2 /* CustomNavigationBar.swift in Sources */,
				5155B59A2DDDF6D2001E59FE /* BaseResponse.swift in Sources */,
				E5524F042DDE2AC900C396F4 /* AddMainTaskDTO.swift in Sources */,
				E52CDF072DD3AAD600E22E00 /* HomeViewController_sooyoung.swift in Sources */,
				5155B5A02DDDF8DF001E59FE /* EndPoint.swift in Sources */,
				E554C98D2DD125CD002CF37B /* TabBarViewController.swift in Sources */,
				E52CDF092DD3AAD800E22E00 /* HomeView_sooyoung.swift in Sources */,
				E52CDF3E2DD4D76A00E22E00 /* UIViewController+.swift in Sources */,
				E52CDF3C2DD4D52500E22E00 /* ToDoView.swift in Sources */,
				E5EF8DA22DD5343F00CF5BB2 /* ToDoModel.swift in Sources */,
				E5191F262DCC9790006F43B6 /* SceneDelegate.swift in Sources */,
				E5524F022DDE29B100C396F4 /* AddTaskService.swift in Sources */,
				E5191F272DCC9790006F43B6 /* HomeViewController.swift in Sources */,
			);
			runOnlyForDeploymentPostprocessing = 0;
		};
/* End PBXSourcesBuildPhase section */

/* Begin PBXVariantGroup section */
		E5191F1F2DCC9790006F43B6 /* LaunchScreen.storyboard */ = {
			isa = PBXVariantGroup;
			children = (
				E5191F1E2DCC9790006F43B6 /* Base */,
			);
			name = LaunchScreen.storyboard;
			sourceTree = "<group>";
		};
/* End PBXVariantGroup section */

/* Begin XCBuildConfiguration section */
		E5191F172DCC975E006F43B6 /* Debug */ = {
			isa = XCBuildConfiguration;
			buildSettings = {
				ASSETCATALOG_COMPILER_APPICON_NAME = AppIcon;
				ASSETCATALOG_COMPILER_GLOBAL_ACCENT_COLOR_NAME = AccentColor;
				CODE_SIGN_STYLE = Automatic;
				CURRENT_PROJECT_VERSION = 1;
				DEVELOPMENT_TEAM = "";
				ENABLE_USER_SCRIPT_SANDBOXING = NO;
				GENERATE_INFOPLIST_FILE = YES;
				INFOPLIST_FILE = TODOMate/Info.plist;
				INFOPLIST_KEY_UIApplicationSupportsIndirectInputEvents = YES;
				INFOPLIST_KEY_UILaunchStoryboardName = LaunchScreen;
				INFOPLIST_KEY_UISupportedInterfaceOrientations_iPad = "UIInterfaceOrientationPortrait UIInterfaceOrientationPortraitUpsideDown UIInterfaceOrientationLandscapeLeft UIInterfaceOrientationLandscapeRight";
				INFOPLIST_KEY_UISupportedInterfaceOrientations_iPhone = "UIInterfaceOrientationPortrait UIInterfaceOrientationLandscapeLeft UIInterfaceOrientationLandscapeRight";
				IPHONEOS_DEPLOYMENT_TARGET = 16.6;
				LD_RUNPATH_SEARCH_PATHS = (
					"$(inherited)",
					"@executable_path/Frameworks",
				);
				MARKETING_VERSION = 1.0;
				PRODUCT_BUNDLE_IDENTIFIER = Rx.TODOMate;
				PRODUCT_NAME = "$(TARGET_NAME)";
				SWIFT_EMIT_LOC_STRINGS = YES;
				SWIFT_VERSION = 5.0;
				TARGETED_DEVICE_FAMILY = "1,2";
			};
			name = Debug;
		};
		E5191F182DCC975E006F43B6 /* Release */ = {
			isa = XCBuildConfiguration;
			buildSettings = {
				ASSETCATALOG_COMPILER_APPICON_NAME = AppIcon;
				ASSETCATALOG_COMPILER_GLOBAL_ACCENT_COLOR_NAME = AccentColor;
				CODE_SIGN_STYLE = Automatic;
				CURRENT_PROJECT_VERSION = 1;
				DEVELOPMENT_TEAM = "";
				ENABLE_USER_SCRIPT_SANDBOXING = NO;
				GENERATE_INFOPLIST_FILE = YES;
				INFOPLIST_FILE = TODOMate/Info.plist;
				INFOPLIST_KEY_UIApplicationSupportsIndirectInputEvents = YES;
				INFOPLIST_KEY_UILaunchStoryboardName = LaunchScreen;
				INFOPLIST_KEY_UISupportedInterfaceOrientations_iPad = "UIInterfaceOrientationPortrait UIInterfaceOrientationPortraitUpsideDown UIInterfaceOrientationLandscapeLeft UIInterfaceOrientationLandscapeRight";
				INFOPLIST_KEY_UISupportedInterfaceOrientations_iPhone = "UIInterfaceOrientationPortrait UIInterfaceOrientationLandscapeLeft UIInterfaceOrientationLandscapeRight";
				IPHONEOS_DEPLOYMENT_TARGET = 16.6;
				LD_RUNPATH_SEARCH_PATHS = (
					"$(inherited)",
					"@executable_path/Frameworks",
				);
				MARKETING_VERSION = 1.0;
				PRODUCT_BUNDLE_IDENTIFIER = Rx.TODOMate;
				PRODUCT_NAME = "$(TARGET_NAME)";
				SWIFT_EMIT_LOC_STRINGS = YES;
				SWIFT_VERSION = 5.0;
				TARGETED_DEVICE_FAMILY = "1,2";
			};
			name = Release;
		};
		E5191F192DCC975E006F43B6 /* Debug */ = {
			isa = XCBuildConfiguration;
			baseConfigurationReference = E5524F052DDE2DA500C396F4 /* Config.xcconfig */;
			buildSettings = {
				ALWAYS_SEARCH_USER_PATHS = NO;
				ASSETCATALOG_COMPILER_GENERATE_SWIFT_ASSET_SYMBOL_EXTENSIONS = YES;
				CLANG_ANALYZER_NONNULL = YES;
				CLANG_ANALYZER_NUMBER_OBJECT_CONVERSION = YES_AGGRESSIVE;
				CLANG_CXX_LANGUAGE_STANDARD = "gnu++20";
				CLANG_ENABLE_MODULES = YES;
				CLANG_ENABLE_OBJC_ARC = YES;
				CLANG_ENABLE_OBJC_WEAK = YES;
				CLANG_WARN_BLOCK_CAPTURE_AUTORELEASING = YES;
				CLANG_WARN_BOOL_CONVERSION = YES;
				CLANG_WARN_COMMA = YES;
				CLANG_WARN_CONSTANT_CONVERSION = YES;
				CLANG_WARN_DEPRECATED_OBJC_IMPLEMENTATIONS = YES;
				CLANG_WARN_DIRECT_OBJC_ISA_USAGE = YES_ERROR;
				CLANG_WARN_DOCUMENTATION_COMMENTS = YES;
				CLANG_WARN_EMPTY_BODY = YES;
				CLANG_WARN_ENUM_CONVERSION = YES;
				CLANG_WARN_INFINITE_RECURSION = YES;
				CLANG_WARN_INT_CONVERSION = YES;
				CLANG_WARN_NON_LITERAL_NULL_CONVERSION = YES;
				CLANG_WARN_OBJC_IMPLICIT_RETAIN_SELF = YES;
				CLANG_WARN_OBJC_LITERAL_CONVERSION = YES;
				CLANG_WARN_OBJC_ROOT_CLASS = YES_ERROR;
				CLANG_WARN_QUOTED_INCLUDE_IN_FRAMEWORK_HEADER = YES;
				CLANG_WARN_RANGE_LOOP_ANALYSIS = YES;
				CLANG_WARN_STRICT_PROTOTYPES = YES;
				CLANG_WARN_SUSPICIOUS_MOVE = YES;
				CLANG_WARN_UNGUARDED_AVAILABILITY = YES_AGGRESSIVE;
				CLANG_WARN_UNREACHABLE_CODE = YES;
				CLANG_WARN__DUPLICATE_METHOD_MATCH = YES;
				COPY_PHASE_STRIP = NO;
				DEBUG_INFORMATION_FORMAT = dwarf;
				ENABLE_STRICT_OBJC_MSGSEND = YES;
				ENABLE_TESTABILITY = YES;
				ENABLE_USER_SCRIPT_SANDBOXING = YES;
				GCC_C_LANGUAGE_STANDARD = gnu17;
				GCC_DYNAMIC_NO_PIC = NO;
				GCC_NO_COMMON_BLOCKS = YES;
				GCC_OPTIMIZATION_LEVEL = 0;
				GCC_PREPROCESSOR_DEFINITIONS = (
					"DEBUG=1",
					"$(inherited)",
				);
				GCC_WARN_64_TO_32_BIT_CONVERSION = YES;
				GCC_WARN_ABOUT_RETURN_TYPE = YES_ERROR;
				GCC_WARN_UNDECLARED_SELECTOR = YES;
				GCC_WARN_UNINITIALIZED_AUTOS = YES_AGGRESSIVE;
				GCC_WARN_UNUSED_FUNCTION = YES;
				GCC_WARN_UNUSED_VARIABLE = YES;
				IPHONEOS_DEPLOYMENT_TARGET = 18.4;
				LOCALIZATION_PREFERS_STRING_CATALOGS = YES;
				MTL_ENABLE_DEBUG_INFO = INCLUDE_SOURCE;
				MTL_FAST_MATH = YES;
				ONLY_ACTIVE_ARCH = YES;
				SDKROOT = iphoneos;
				SWIFT_ACTIVE_COMPILATION_CONDITIONS = "DEBUG $(inherited)";
				SWIFT_OPTIMIZATION_LEVEL = "-Onone";
			};
			name = Debug;
		};
		E5191F1A2DCC975E006F43B6 /* Release */ = {
			isa = XCBuildConfiguration;
			baseConfigurationReference = E5524F052DDE2DA500C396F4 /* Config.xcconfig */;
			buildSettings = {
				ALWAYS_SEARCH_USER_PATHS = NO;
				ASSETCATALOG_COMPILER_GENERATE_SWIFT_ASSET_SYMBOL_EXTENSIONS = YES;
				CLANG_ANALYZER_NONNULL = YES;
				CLANG_ANALYZER_NUMBER_OBJECT_CONVERSION = YES_AGGRESSIVE;
				CLANG_CXX_LANGUAGE_STANDARD = "gnu++20";
				CLANG_ENABLE_MODULES = YES;
				CLANG_ENABLE_OBJC_ARC = YES;
				CLANG_ENABLE_OBJC_WEAK = YES;
				CLANG_WARN_BLOCK_CAPTURE_AUTORELEASING = YES;
				CLANG_WARN_BOOL_CONVERSION = YES;
				CLANG_WARN_COMMA = YES;
				CLANG_WARN_CONSTANT_CONVERSION = YES;
				CLANG_WARN_DEPRECATED_OBJC_IMPLEMENTATIONS = YES;
				CLANG_WARN_DIRECT_OBJC_ISA_USAGE = YES_ERROR;
				CLANG_WARN_DOCUMENTATION_COMMENTS = YES;
				CLANG_WARN_EMPTY_BODY = YES;
				CLANG_WARN_ENUM_CONVERSION = YES;
				CLANG_WARN_INFINITE_RECURSION = YES;
				CLANG_WARN_INT_CONVERSION = YES;
				CLANG_WARN_NON_LITERAL_NULL_CONVERSION = YES;
				CLANG_WARN_OBJC_IMPLICIT_RETAIN_SELF = YES;
				CLANG_WARN_OBJC_LITERAL_CONVERSION = YES;
				CLANG_WARN_OBJC_ROOT_CLASS = YES_ERROR;
				CLANG_WARN_QUOTED_INCLUDE_IN_FRAMEWORK_HEADER = YES;
				CLANG_WARN_RANGE_LOOP_ANALYSIS = YES;
				CLANG_WARN_STRICT_PROTOTYPES = YES;
				CLANG_WARN_SUSPICIOUS_MOVE = YES;
				CLANG_WARN_UNGUARDED_AVAILABILITY = YES_AGGRESSIVE;
				CLANG_WARN_UNREACHABLE_CODE = YES;
				CLANG_WARN__DUPLICATE_METHOD_MATCH = YES;
				COPY_PHASE_STRIP = NO;
				DEBUG_INFORMATION_FORMAT = "dwarf-with-dsym";
				ENABLE_NS_ASSERTIONS = NO;
				ENABLE_STRICT_OBJC_MSGSEND = YES;
				ENABLE_USER_SCRIPT_SANDBOXING = YES;
				GCC_C_LANGUAGE_STANDARD = gnu17;
				GCC_NO_COMMON_BLOCKS = YES;
				GCC_WARN_64_TO_32_BIT_CONVERSION = YES;
				GCC_WARN_ABOUT_RETURN_TYPE = YES_ERROR;
				GCC_WARN_UNDECLARED_SELECTOR = YES;
				GCC_WARN_UNINITIALIZED_AUTOS = YES_AGGRESSIVE;
				GCC_WARN_UNUSED_FUNCTION = YES;
				GCC_WARN_UNUSED_VARIABLE = YES;
				IPHONEOS_DEPLOYMENT_TARGET = 18.4;
				LOCALIZATION_PREFERS_STRING_CATALOGS = YES;
				MTL_ENABLE_DEBUG_INFO = NO;
				MTL_FAST_MATH = YES;
				ONLY_ACTIVE_ARCH = NO;
				SDKROOT = iphoneos;
				SWIFT_COMPILATION_MODE = wholemodule;
				VALIDATE_PRODUCT = YES;
			};
			name = Release;
		};
/* End XCBuildConfiguration section */

/* Begin XCConfigurationList section */
		E5191EFE2DCC975B006F43B6 /* Build configuration list for PBXProject "TODOMate" */ = {
			isa = XCConfigurationList;
			buildConfigurations = (
				E5191F192DCC975E006F43B6 /* Debug */,
				E5191F1A2DCC975E006F43B6 /* Release */,
			);
			defaultConfigurationIsVisible = 0;
			defaultConfigurationName = Release;
		};
		E5191F162DCC975E006F43B6 /* Build configuration list for PBXNativeTarget "TODOMate" */ = {
			isa = XCConfigurationList;
			buildConfigurations = (
				E5191F172DCC975E006F43B6 /* Debug */,
				E5191F182DCC975E006F43B6 /* Release */,
			);
			defaultConfigurationIsVisible = 0;
			defaultConfigurationName = Release;
		};
/* End XCConfigurationList section */

/* Begin XCRemoteSwiftPackageReference section */
		E567AB6B2DD20D0100FA92E2 /* XCRemoteSwiftPackageReference "Then" */ = {
			isa = XCRemoteSwiftPackageReference;
			repositoryURL = "https://github.com/devxoul/Then";
			requirement = {
				kind = upToNextMajorVersion;
				minimumVersion = 3.0.0;
			};
		};
		E567AB6E2DD20D1C00FA92E2 /* XCRemoteSwiftPackageReference "SnapKit" */ = {
			isa = XCRemoteSwiftPackageReference;
			repositoryURL = "https://github.com/SnapKit/SnapKit";
			requirement = {
				kind = upToNextMajorVersion;
				minimumVersion = 5.7.1;
			};
		};
/* End XCRemoteSwiftPackageReference section */

/* Begin XCSwiftPackageProductDependency section */
		E567AB6C2DD20D0100FA92E2 /* Then */ = {
			isa = XCSwiftPackageProductDependency;
			package = E567AB6B2DD20D0100FA92E2 /* XCRemoteSwiftPackageReference "Then" */;
			productName = Then;
		};
		E567AB6F2DD20D1C00FA92E2 /* SnapKit */ = {
			isa = XCSwiftPackageProductDependency;
			package = E567AB6E2DD20D1C00FA92E2 /* XCRemoteSwiftPackageReference "SnapKit" */;
			productName = SnapKit;
		};
/* End XCSwiftPackageProductDependency section */
	};
	rootObject = E5191EFB2DCC975B006F43B6 /* Project object */;
}
