// !$*UTF8*$!
{
	archiveVersion = 1;
	classes = {
	};
	objectVersion = 77;
	objects = {

/* Begin PBXBuildFile section */
		E5191F252DCC9790006F43B6 /* AppDelegate.swift in Sources */ = {isa = PBXBuildFile; fileRef = E5191F1B2DCC9790006F43B6 /* AppDelegate.swift */; };
		E5191F262DCC9790006F43B6 /* SceneDelegate.swift in Sources */ = {isa = PBXBuildFile; fileRef = E5191F222DCC9790006F43B6 /* SceneDelegate.swift */; };
		E5191F272DCC9790006F43B6 /* ViewController.swift in Sources */ = {isa = PBXBuildFile; fileRef = E5191F232DCC9790006F43B6 /* ViewController.swift */; };
		E5191F282DCC9790006F43B6 /* Assets.xcassets in Resources */ = {isa = PBXBuildFile; fileRef = E5191F1C2DCC9790006F43B6 /* Assets.xcassets */; };
		E5191F2A2DCC9790006F43B6 /* LaunchScreen.storyboard in Resources */ = {isa = PBXBuildFile; fileRef = E5191F1F2DCC9790006F43B6 /* LaunchScreen.storyboard */; };
		E5191F382DCC9A09006F43B6 /* BaseUIViewController.swift in Sources */ = {isa = PBXBuildFile; fileRef = E5191F372DCC9A09006F43B6 /* BaseUIViewController.swift */; };
		E5191F3A2DCC9A1C006F43B6 /* BaseUIView.swift in Sources */ = {isa = PBXBuildFile; fileRef = E5191F392DCC9A1C006F43B6 /* BaseUIView.swift */; };
		E5191F3F2DCC9A5E006F43B6 /* UIView+.swift in Sources */ = {isa = PBXBuildFile; fileRef = E5191F3E2DCC9A5E006F43B6 /* UIView+.swift */; };
		E5191F5F2DCE5F21006F43B6 /* .swiftlint.yml in Resources */ = {isa = PBXBuildFile; fileRef = E5191F5E2DCE5F21006F43B6 /* .swiftlint.yml */; };
/* End PBXBuildFile section */

/* Begin PBXFileReference section */
		E5191F032DCC975B006F43B6 /* TODOMate.app */ = {isa = PBXFileReference; explicitFileType = wrapper.application; includeInIndex = 0; path = TODOMate.app; sourceTree = BUILT_PRODUCTS_DIR; };
		E5191F1B2DCC9790006F43B6 /* AppDelegate.swift */ = {isa = PBXFileReference; lastKnownFileType = sourcecode.swift; path = AppDelegate.swift; sourceTree = "<group>"; };
		E5191F1C2DCC9790006F43B6 /* Assets.xcassets */ = {isa = PBXFileReference; lastKnownFileType = folder.assetcatalog; path = Assets.xcassets; sourceTree = "<group>"; };
		E5191F1D2DCC9790006F43B6 /* Info.plist */ = {isa = PBXFileReference; lastKnownFileType = text.plist.xml; path = Info.plist; sourceTree = "<group>"; };
		E5191F1E2DCC9790006F43B6 /* Base */ = {isa = PBXFileReference; lastKnownFileType = file.storyboard; name = Base; path = Base.lproj/LaunchScreen.storyboard; sourceTree = "<group>"; };
		E5191F222DCC9790006F43B6 /* SceneDelegate.swift */ = {isa = PBXFileReference; lastKnownFileType = sourcecode.swift; path = SceneDelegate.swift; sourceTree = "<group>"; };
		E5191F232DCC9790006F43B6 /* ViewController.swift */ = {isa = PBXFileReference; lastKnownFileType = sourcecode.swift; path = ViewController.swift; sourceTree = "<group>"; };
		E5191F372DCC9A09006F43B6 /* BaseUIViewController.swift */ = {isa = PBXFileReference; lastKnownFileType = sourcecode.swift; path = BaseUIViewController.swift; sourceTree = "<group>"; };
		E5191F392DCC9A1C006F43B6 /* BaseUIView.swift */ = {isa = PBXFileReference; lastKnownFileType = sourcecode.swift; path = BaseUIView.swift; sourceTree = "<group>"; };
		E5191F3E2DCC9A5E006F43B6 /* UIView+.swift */ = {isa = PBXFileReference; lastKnownFileType = sourcecode.swift; path = "UIView+.swift"; sourceTree = "<group>"; };
		E5191F5E2DCE5F21006F43B6 /* .swiftlint.yml */ = {isa = PBXFileReference; lastKnownFileType = text.yaml; path = .swiftlint.yml; sourceTree = "<group>"; };
/* End PBXFileReference section */

/* Begin PBXFrameworksBuildPhase section */
		E5191F002DCC975B006F43B6 /* Frameworks */ = {
			isa = PBXFrameworksBuildPhase;
			buildActionMask = 2147483647;
			files = (
			);
			runOnlyForDeploymentPostprocessing = 0;
		};
/* End PBXFrameworksBuildPhase section */

/* Begin PBXGroup section */
		E5191EFA2DCC975B006F43B6 = {
			isa = PBXGroup;
			children = (
				E5191F242DCC9790006F43B6 /* TODOMate */,
				E5191F5E2DCE5F21006F43B6 /* .swiftlint.yml */,
				E5191F042DCC975B006F43B6 /* Products */,
			);
			sourceTree = "<group>";
		};
		E5191F042DCC975B006F43B6 /* Products */ = {
			isa = PBXGroup;
			children = (
				E5191F032DCC975B006F43B6 /* TODOMate.app */,
			);
			name = Products;
			sourceTree = "<group>";
		};
		E5191F242DCC9790006F43B6 /* TODOMate */ = {
			isa = PBXGroup;
			children = (
				E5191F302DCC994B006F43B6 /* App */,
				E5191F2F2DCC9946006F43B6 /* Features */,
				E5191F352DCC99D7006F43B6 /* Global */,
				E5191F2E2DCC9940006F43B6 /* Resources */,
				E5191F1D2DCC9790006F43B6 /* Info.plist */,
			);
			path = TODOMate;
			sourceTree = "<group>";
		};
		E5191F2E2DCC9940006F43B6 /* Resources */ = {
			isa = PBXGroup;
			children = (
				E5191F1C2DCC9790006F43B6 /* Assets.xcassets */,
			);
			path = Resources;
			sourceTree = "<group>";
		};
		E5191F2F2DCC9946006F43B6 /* Features */ = {
			isa = PBXGroup;
			children = (
				E5191F232DCC9790006F43B6 /* ViewController.swift */,
			);
			path = Features;
			sourceTree = "<group>";
		};
		E5191F302DCC994B006F43B6 /* App */ = {
			isa = PBXGroup;
			children = (
				E5191F1B2DCC9790006F43B6 /* AppDelegate.swift */,
				E5191F1F2DCC9790006F43B6 /* LaunchScreen.storyboard */,
				E5191F222DCC9790006F43B6 /* SceneDelegate.swift */,
			);
			path = App;
			sourceTree = "<group>";
		};
		E5191F352DCC99D7006F43B6 /* Global */ = {
			isa = PBXGroup;
			children = (
				E5191F3B2DCC9A39006F43B6 /* Extensions */,
				E5191F362DCC99FB006F43B6 /* Base */,
			);
			path = Global;
			sourceTree = "<group>";
		};
		E5191F362DCC99FB006F43B6 /* Base */ = {
			isa = PBXGroup;
			children = (
				E5191F372DCC9A09006F43B6 /* BaseUIViewController.swift */,
				E5191F392DCC9A1C006F43B6 /* BaseUIView.swift */,
			);
			path = Base;
			sourceTree = "<group>";
		};
		E5191F3B2DCC9A39006F43B6 /* Extensions */ = {
			isa = PBXGroup;
			children = (
				E5191F3E2DCC9A5E006F43B6 /* UIView+.swift */,
			);
			path = Extensions;
			sourceTree = "<group>";
		};
/* End PBXGroup section */

/* Begin PBXNativeTarget section */
		E5191F022DCC975B006F43B6 /* TODOMate */ = {
			isa = PBXNativeTarget;
			buildConfigurationList = E5191F162DCC975E006F43B6 /* Build configuration list for PBXNativeTarget "TODOMate" */;
			buildPhases = (
				E5191EFF2DCC975B006F43B6 /* Sources */,
				E5191F002DCC975B006F43B6 /* Frameworks */,
				E5191F012DCC975B006F43B6 /* Resources */,
				51647CAA2DCE2A82008F1B55 /* SwiftLint Script */,
			);
			buildRules = (
			);
			dependencies = (
			);
			name = TODOMate;
			packageProductDependencies = (
			);
			productName = TODOMate;
			productReference = E5191F032DCC975B006F43B6 /* TODOMate.app */;
			productType = "com.apple.product-type.application";
		};
/* End PBXNativeTarget section */

/* Begin PBXProject section */
		E5191EFB2DCC975B006F43B6 /* Project object */ = {
			isa = PBXProject;
			attributes = {
				BuildIndependentTargetsInParallel = 1;
				LastSwiftUpdateCheck = 1630;
				LastUpgradeCheck = 1630;
				TargetAttributes = {
					E5191F022DCC975B006F43B6 = {
						CreatedOnToolsVersion = 16.3;
					};
				};
			};
			buildConfigurationList = E5191EFE2DCC975B006F43B6 /* Build configuration list for PBXProject "TODOMate" */;
			developmentRegion = en;
			hasScannedForEncodings = 0;
			knownRegions = (
				en,
				Base,
			);
			mainGroup = E5191EFA2DCC975B006F43B6;
			minimizedProjectReferenceProxies = 1;
			preferredProjectObjectVersion = 77;
			productRefGroup = E5191F042DCC975B006F43B6 /* Products */;
			projectDirPath = "";
			projectRoot = "";
			targets = (
				E5191F022DCC975B006F43B6 /* TODOMate */,
			);
		};
/* End PBXProject section */

/* Begin PBXResourcesBuildPhase section */
		E5191F012DCC975B006F43B6 /* Resources */ = {
			isa = PBXResourcesBuildPhase;
			buildActionMask = 2147483647;
			files = (
				E5191F5F2DCE5F21006F43B6 /* .swiftlint.yml in Resources */,
				E5191F282DCC9790006F43B6 /* Assets.xcassets in Resources */,
				E5191F2A2DCC9790006F43B6 /* LaunchScreen.storyboard in Resources */,
			);
			runOnlyForDeploymentPostprocessing = 0;
		};
/* End PBXResourcesBuildPhase section */

/* Begin PBXShellScriptBuildPhase section */
		51647CAA2DCE2A82008F1B55 /* SwiftLint Script */ = {
			isa = PBXShellScriptBuildPhase;
			alwaysOutOfDate = 1;
			buildActionMask = 2147483647;
			files = (
			);
			inputFileListPaths = (
			);
			inputPaths = (
			);
			name = "SwiftLint Script";
			outputFileListPaths = (
			);
			outputPaths = (
			);
			runOnlyForDeploymentPostprocessing = 0;
			shellPath = /bin/sh;
			shellScript = "# Type a script or drag a script file from your workspace to insert its path.\nif [[ \"$(uname -m)\" == arm64 ]]; then\n    export PATH=\"/opt/homebrew/bin:$PATH\"\nfi\n \nif which swiftlint > /dev/null; then\n  swiftlint\nelse\n  echo \"warning: SwiftLint not installed, download from https://github.com/realm/SwiftLint\"\nfi\n";
		};
/* End PBXShellScriptBuildPhase section */

/* Begin PBXSourcesBuildPhase section */
		E5191EFF2DCC975B006F43B6 /* Sources */ = {
			isa = PBXSourcesBuildPhase;
			buildActionMask = 2147483647;
			files = (
				E5191F3F2DCC9A5E006F43B6 /* UIView+.swift in Sources */,
				E5191F3A2DCC9A1C006F43B6 /* BaseUIView.swift in Sources */,
				E5191F252DCC9790006F43B6 /* AppDelegate.swift in Sources */,
				E5191F382DCC9A09006F43B6 /* BaseUIViewController.swift in Sources */,
				E5191F262DCC9790006F43B6 /* SceneDelegate.swift in Sources */,
				E5191F272DCC9790006F43B6 /* ViewController.swift in Sources */,
			);
			runOnlyForDeploymentPostprocessing = 0;
		};
/* End PBXSourcesBuildPhase section */

/* Begin PBXVariantGroup section */
		E5191F1F2DCC9790006F43B6 /* LaunchScreen.storyboard */ = {
			isa = PBXVariantGroup;
			children = (
				E5191F1E2DCC9790006F43B6 /* Base */,
			);
			name = LaunchScreen.storyboard;
			sourceTree = "<group>";
		};
/* End PBXVariantGroup section */

/* Begin XCBuildConfiguration section */
		E5191F172DCC975E006F43B6 /* Debug */ = {
			isa = XCBuildConfiguration;
			buildSettings = {
				ASSETCATALOG_COMPILER_APPICON_NAME = AppIcon;
				ASSETCATALOG_COMPILER_GLOBAL_ACCENT_COLOR_NAME = AccentColor;
				CODE_SIGN_STYLE = Automatic;
				CURRENT_PROJECT_VERSION = 1;
				DEVELOPMENT_TEAM = "";
				ENABLE_USER_SCRIPT_SANDBOXING = NO;
				GENERATE_INFOPLIST_FILE = YES;
				INFOPLIST_FILE = TODOMate/Info.plist;
				INFOPLIST_KEY_UIApplicationSupportsIndirectInputEvents = YES;
				INFOPLIST_KEY_UILaunchStoryboardName = LaunchScreen;
				INFOPLIST_KEY_UISupportedInterfaceOrientations_iPad = "UIInterfaceOrientationPortrait UIInterfaceOrientationPortraitUpsideDown UIInterfaceOrientationLandscapeLeft UIInterfaceOrientationLandscapeRight";
				INFOPLIST_KEY_UISupportedInterfaceOrientations_iPhone = "UIInterfaceOrientationPortrait UIInterfaceOrientationLandscapeLeft UIInterfaceOrientationLandscapeRight";
				IPHONEOS_DEPLOYMENT_TARGET = 16.6;
				LD_RUNPATH_SEARCH_PATHS = (
					"$(inherited)",
					"@executable_path/Frameworks",
				);
				MARKETING_VERSION = 1.0;
				PRODUCT_BUNDLE_IDENTIFIER = Rx.TODOMate;
				PRODUCT_NAME = "$(TARGET_NAME)";
				SWIFT_EMIT_LOC_STRINGS = YES;
				SWIFT_VERSION = 5.0;
				TARGETED_DEVICE_FAMILY = "1,2";
			};
			name = Debug;
		};
		E5191F182DCC975E006F43B6 /* Release */ = {
			isa = XCBuildConfiguration;
			buildSettings = {
				ASSETCATALOG_COMPILER_APPICON_NAME = AppIcon;
				ASSETCATALOG_COMPILER_GLOBAL_ACCENT_COLOR_NAME = AccentColor;
				CODE_SIGN_STYLE = Automatic;
				CURRENT_PROJECT_VERSION = 1;
				DEVELOPMENT_TEAM = "";
				ENABLE_USER_SCRIPT_SANDBOXING = NO;
				GENERATE_INFOPLIST_FILE = YES;
				INFOPLIST_FILE = TODOMate/Info.plist;
				INFOPLIST_KEY_UIApplicationSupportsIndirectInputEvents = YES;
				INFOPLIST_KEY_UILaunchStoryboardName = LaunchScreen;
				INFOPLIST_KEY_UISupportedInterfaceOrientations_iPad = "UIInterfaceOrientationPortrait UIInterfaceOrientationPortraitUpsideDown UIInterfaceOrientationLandscapeLeft UIInterfaceOrientationLandscapeRight";
				INFOPLIST_KEY_UISupportedInterfaceOrientations_iPhone = "UIInterfaceOrientationPortrait UIInterfaceOrientationLandscapeLeft UIInterfaceOrientationLandscapeRight";
				IPHONEOS_DEPLOYMENT_TARGET = 16.6;
				LD_RUNPATH_SEARCH_PATHS = (
					"$(inherited)",
					"@executable_path/Frameworks",
				);
				MARKETING_VERSION = 1.0;
				PRODUCT_BUNDLE_IDENTIFIER = Rx.TODOMate;
				PRODUCT_NAME = "$(TARGET_NAME)";
				SWIFT_EMIT_LOC_STRINGS = YES;
				SWIFT_VERSION = 5.0;
				TARGETED_DEVICE_FAMILY = "1,2";
			};
			name = Release;
		};
		E5191F192DCC975E006F43B6 /* Debug */ = {
			isa = XCBuildConfiguration;
			buildSettings = {
				ALWAYS_SEARCH_USER_PATHS = NO;
				ASSETCATALOG_COMPILER_GENERATE_SWIFT_ASSET_SYMBOL_EXTENSIONS = YES;
				CLANG_ANALYZER_NONNULL = YES;
				CLANG_ANALYZER_NUMBER_OBJECT_CONVERSION = YES_AGGRESSIVE;
				CLANG_CXX_LANGUAGE_STANDARD = "gnu++20";
				CLANG_ENABLE_MODULES = YES;
				CLANG_ENABLE_OBJC_ARC = YES;
				CLANG_ENABLE_OBJC_WEAK = YES;
				CLANG_WARN_BLOCK_CAPTURE_AUTORELEASING = YES;
				CLANG_WARN_BOOL_CONVERSION = YES;
				CLANG_WARN_COMMA = YES;
				CLANG_WARN_CONSTANT_CONVERSION = YES;
				CLANG_WARN_DEPRECATED_OBJC_IMPLEMENTATIONS = YES;
				CLANG_WARN_DIRECT_OBJC_ISA_USAGE = YES_ERROR;
				CLANG_WARN_DOCUMENTATION_COMMENTS = YES;
				CLANG_WARN_EMPTY_BODY = YES;
				CLANG_WARN_ENUM_CONVERSION = YES;
				CLANG_WARN_INFINITE_RECURSION = YES;
				CLANG_WARN_INT_CONVERSION = YES;
				CLANG_WARN_NON_LITERAL_NULL_CONVERSION = YES;
				CLANG_WARN_OBJC_IMPLICIT_RETAIN_SELF = YES;
				CLANG_WARN_OBJC_LITERAL_CONVERSION = YES;
				CLANG_WARN_OBJC_ROOT_CLASS = YES_ERROR;
				CLANG_WARN_QUOTED_INCLUDE_IN_FRAMEWORK_HEADER = YES;
				CLANG_WARN_RANGE_LOOP_ANALYSIS = YES;
				CLANG_WARN_STRICT_PROTOTYPES = YES;
				CLANG_WARN_SUSPICIOUS_MOVE = YES;
				CLANG_WARN_UNGUARDED_AVAILABILITY = YES_AGGRESSIVE;
				CLANG_WARN_UNREACHABLE_CODE = YES;
				CLANG_WARN__DUPLICATE_METHOD_MATCH = YES;
				COPY_PHASE_STRIP = NO;
				DEBUG_INFORMATION_FORMAT = dwarf;
				ENABLE_STRICT_OBJC_MSGSEND = YES;
				ENABLE_TESTABILITY = YES;
				ENABLE_USER_SCRIPT_SANDBOXING = YES;
				GCC_C_LANGUAGE_STANDARD = gnu17;
				GCC_DYNAMIC_NO_PIC = NO;
				GCC_NO_COMMON_BLOCKS = YES;
				GCC_OPTIMIZATION_LEVEL = 0;
				GCC_PREPROCESSOR_DEFINITIONS = (
					"DEBUG=1",
					"$(inherited)",
				);
				GCC_WARN_64_TO_32_BIT_CONVERSION = YES;
				GCC_WARN_ABOUT_RETURN_TYPE = YES_ERROR;
				GCC_WARN_UNDECLARED_SELECTOR = YES;
				GCC_WARN_UNINITIALIZED_AUTOS = YES_AGGRESSIVE;
				GCC_WARN_UNUSED_FUNCTION = YES;
				GCC_WARN_UNUSED_VARIABLE = YES;
				IPHONEOS_DEPLOYMENT_TARGET = 18.4;
				LOCALIZATION_PREFERS_STRING_CATALOGS = YES;
				MTL_ENABLE_DEBUG_INFO = INCLUDE_SOURCE;
				MTL_FAST_MATH = YES;
				ONLY_ACTIVE_ARCH = YES;
				SDKROOT = iphoneos;
				SWIFT_ACTIVE_COMPILATION_CONDITIONS = "DEBUG $(inherited)";
				SWIFT_OPTIMIZATION_LEVEL = "-Onone";
			};
			name = Debug;
		};
		E5191F1A2DCC975E006F43B6 /* Release */ = {
			isa = XCBuildConfiguration;
			buildSettings = {
				ALWAYS_SEARCH_USER_PATHS = NO;
				ASSETCATALOG_COMPILER_GENERATE_SWIFT_ASSET_SYMBOL_EXTENSIONS = YES;
				CLANG_ANALYZER_NONNULL = YES;
				CLANG_ANALYZER_NUMBER_OBJECT_CONVERSION = YES_AGGRESSIVE;
				CLANG_CXX_LANGUAGE_STANDARD = "gnu++20";
				CLANG_ENABLE_MODULES = YES;
				CLANG_ENABLE_OBJC_ARC = YES;
				CLANG_ENABLE_OBJC_WEAK = YES;
				CLANG_WARN_BLOCK_CAPTURE_AUTORELEASING = YES;
				CLANG_WARN_BOOL_CONVERSION = YES;
				CLANG_WARN_COMMA = YES;
				CLANG_WARN_CONSTANT_CONVERSION = YES;
				CLANG_WARN_DEPRECATED_OBJC_IMPLEMENTATIONS = YES;
				CLANG_WARN_DIRECT_OBJC_ISA_USAGE = YES_ERROR;
				CLANG_WARN_DOCUMENTATION_COMMENTS = YES;
				CLANG_WARN_EMPTY_BODY = YES;
				CLANG_WARN_ENUM_CONVERSION = YES;
				CLANG_WARN_INFINITE_RECURSION = YES;
				CLANG_WARN_INT_CONVERSION = YES;
				CLANG_WARN_NON_LITERAL_NULL_CONVERSION = YES;
				CLANG_WARN_OBJC_IMPLICIT_RETAIN_SELF = YES;
				CLANG_WARN_OBJC_LITERAL_CONVERSION = YES;
				CLANG_WARN_OBJC_ROOT_CLASS = YES_ERROR;
				CLANG_WARN_QUOTED_INCLUDE_IN_FRAMEWORK_HEADER = YES;
				CLANG_WARN_RANGE_LOOP_ANALYSIS = YES;
				CLANG_WARN_STRICT_PROTOTYPES = YES;
				CLANG_WARN_SUSPICIOUS_MOVE = YES;
				CLANG_WARN_UNGUARDED_AVAILABILITY = YES_AGGRESSIVE;
				CLANG_WARN_UNREACHABLE_CODE = YES;
				CLANG_WARN__DUPLICATE_METHOD_MATCH = YES;
				COPY_PHASE_STRIP = NO;
				DEBUG_INFORMATION_FORMAT = "dwarf-with-dsym";
				ENABLE_NS_ASSERTIONS = NO;
				ENABLE_STRICT_OBJC_MSGSEND = YES;
				ENABLE_USER_SCRIPT_SANDBOXING = YES;
				GCC_C_LANGUAGE_STANDARD = gnu17;
				GCC_NO_COMMON_BLOCKS = YES;
				GCC_WARN_64_TO_32_BIT_CONVERSION = YES;
				GCC_WARN_ABOUT_RETURN_TYPE = YES_ERROR;
				GCC_WARN_UNDECLARED_SELECTOR = YES;
				GCC_WARN_UNINITIALIZED_AUTOS = YES_AGGRESSIVE;
				GCC_WARN_UNUSED_FUNCTION = YES;
				GCC_WARN_UNUSED_VARIABLE = YES;
				IPHONEOS_DEPLOYMENT_TARGET = 18.4;
				LOCALIZATION_PREFERS_STRING_CATALOGS = YES;
				MTL_ENABLE_DEBUG_INFO = NO;
				MTL_FAST_MATH = YES;
				SDKROOT = iphoneos;
				SWIFT_COMPILATION_MODE = wholemodule;
				VALIDATE_PRODUCT = YES;
			};
			name = Release;
		};
/* End XCBuildConfiguration section */

/* Begin XCConfigurationList section */
		E5191EFE2DCC975B006F43B6 /* Build configuration list for PBXProject "TODOMate" */ = {
			isa = XCConfigurationList;
			buildConfigurations = (
				E5191F192DCC975E006F43B6 /* Debug */,
				E5191F1A2DCC975E006F43B6 /* Release */,
			);
			defaultConfigurationIsVisible = 0;
			defaultConfigurationName = Release;
		};
		E5191F162DCC975E006F43B6 /* Build configuration list for PBXNativeTarget "TODOMate" */ = {
			isa = XCConfigurationList;
			buildConfigurations = (
				E5191F172DCC975E006F43B6 /* Debug */,
				E5191F182DCC975E006F43B6 /* Release */,
			);
			defaultConfigurationIsVisible = 0;
			defaultConfigurationName = Release;
		};
/* End XCConfigurationList section */
	};
	rootObject = E5191EFB2DCC975B006F43B6 /* Project object */;
}
